
Microsoft Visual Studio Solution File, Format Version 12.00
# Visual Studio Version 17
VisualStudioVersion = 17.1.32228.430
MinimumVisualStudioVersion = 10.0.40219.1
Project("{FAE04EC0-301F-11D3-BF4B-00C04F79EFBC}") = "Variables", "Variables\Variables.csproj", "{E315838D-D697-4FBA-9784-07D7E3BB8874}"
EndProject
Project("{FAE04EC0-301F-11D3-BF4B-00C04F79EFBC}") = "TiposDeDatos", "TiposDeDatos\TiposDeDatos.csproj", "{427455D4-6DCE-4F27-937C-CEFB5F34A0A9}"
EndProject
Project("{FAE04EC0-301F-11D3-BF4B-00C04F79EFBC}") = "Funciones", "Funciones\Funciones.csproj", "{2B106373-BB3A-4C10-975B-E2960697775E}"
EndProject
Project("{FAE04EC0-301F-11D3-BF4B-00C04F79EFBC}") = "SentenciaIf-Else", "SentenciaIf-Else\SentenciaIf-Else.csproj", "{772A6E01-7B18-4679-9DD1-86C86F10F0F6}"
EndProject
Project("{FAE04EC0-301F-11D3-BF4B-00C04F79EFBC}") = "Arreglos", "Arreglos\Arreglos.csproj", "{476460AE-CFED-4C9D-A080-6ECCD4783509}"
EndProject
Project("{FAE04EC0-301F-11D3-BF4B-00C04F79EFBC}") = "While", "While\While.csproj", "{AEB0413F-1E37-42B4-82BF-DE365C401AFB}"
EndProject
Project("{2150E333-8FDC-42A3-9474-1A3956D46DE8}") = "Programacion_Basica", "Programacion_Basica", "{3A4DE519-F2FE-4F2F-B33C-52EDD45EFCED}"
EndProject
Project("{2150E333-8FDC-42A3-9474-1A3956D46DE8}") = "POO", "POO", "{B6732927-00E8-4BB0-8693-1F09EA809C6C}"
EndProject
Project("{FAE04EC0-301F-11D3-BF4B-00C04F79EFBC}") = "ClasesYObjetos", "ClasesYObjetos\ClasesYObjetos.csproj", "{EA3B748E-A851-41A0-8903-0CB0545DCC88}"
EndProject
Project("{FAE04EC0-301F-11D3-BF4B-00C04F79EFBC}") = "Propiedades", "Propiedades\Propiedades.csproj", "{C7E1A327-BC73-4DA3-BEE4-FA88B0055EFE}"
EndProject
Project("{FAE04EC0-301F-11D3-BF4B-00C04F79EFBC}") = "Herencia", "Herencia\Herencia.csproj", "{0D83FBE3-B2B6-467E-B316-DAE2B3975D14}"
EndProject
Project("{FAE04EC0-301F-11D3-BF4B-00C04F79EFBC}") = "SobreCarga", "SobreCarga\SobreCarga.csproj", "{165E82B6-4063-4D2A-AC65-1B26CA66D60C}"
EndProject
Project("{FAE04EC0-301F-11D3-BF4B-00C04F79EFBC}") = "static", "static\static.csproj", "{3A55A5C1-FF44-4766-A26E-A9784357647A}"
EndProject
Project("{FAE04EC0-301F-11D3-BF4B-00C04F79EFBC}") = "Generics", "Generics\Generics.csproj", "{F6F8B641-2310-4222-9E19-3C2679C54427}"
EndProject
Project("{2150E333-8FDC-42A3-9474-1A3956D46DE8}") = "Listas", "Listas", "{337190F8-4109-4D4B-9A6E-96D990390769}"
EndProject
Project("{FAE04EC0-301F-11D3-BF4B-00C04F79EFBC}") = "List", "List\List.csproj", "{36C3FECE-42C0-476D-B087-E0A8FC01403B}"
EndProject
Project("{2150E333-8FDC-42A3-9474-1A3956D46DE8}") = "Tuplas", "Tuplas", "{B0D4C9D8-C22F-4CB6-9F48-C368B160BD69}"
EndProject
Project("{FAE04EC0-301F-11D3-BF4B-00C04F79EFBC}") = "Tuplas", "Tuplas\Tuplas.csproj", "{8065C7F0-2EAA-473E-8B08-118D747BDE8D}"
EndProject
Project("{FAE04EC0-301F-11D3-BF4B-00C04F79EFBC}") = "Excepciones", "Excepciones\Excepciones.csproj", "{43701627-4D6B-4502-BF44-F27F69A0EEA0}"
EndProject
Project("{2150E333-8FDC-42A3-9474-1A3956D46DE8}") = "Exceptions", "Exceptions", "{7E77358D-442D-43BF-884F-CB0A1947F494}"
EndProject
Project("{2150E333-8FDC-42A3-9474-1A3956D46DE8}") = "LINQ", "LINQ", "{2D7AC4D0-C292-430A-AD46-021D2D143FE7}"
EndProject
Project("{FAE04EC0-301F-11D3-BF4B-00C04F79EFBC}") = "Linq", "Linq\Linq.csproj", "{BA173F82-9110-47FB-A148-F750459B0FDA}"
EndProject
Project("{FAE04EC0-301F-11D3-BF4B-00C04F79EFBC}") = "Importadora_El_Charcho", "Importadora_El_Charco\Importadora_El_Charcho.csproj", "{A427994A-73B4-42D4-94D5-94DB7E8B9C85}"
EndProject
Project("{2150E333-8FDC-42A3-9474-1A3956D46DE8}") = "Importadora_El_Charco", "Importadora_El_Charco", "{76461865-D91F-4768-93B8-81634F2CE08B}"
EndProject
Project("{2150E333-8FDC-42A3-9474-1A3956D46DE8}") = "Asp.Net", "Asp.Net", "{1EA5CA79-1914-457E-B1AE-C5987C63B091}"
EndProject
Project("{FAE04EC0-301F-11D3-BF4B-00C04F79EFBC}") = "Singleton", "Singleton\Singleton.csproj", "{B95E4F50-C30F-4748-8B0C-79671E3B5CC3}"
EndProject
Global
	GlobalSection(SolutionConfigurationPlatforms) = preSolution
		Debug|Any CPU = Debug|Any CPU
		Release|Any CPU = Release|Any CPU
	EndGlobalSection
	GlobalSection(ProjectConfigurationPlatforms) = postSolution
		{E315838D-D697-4FBA-9784-07D7E3BB8874}.Debug|Any CPU.ActiveCfg = Debug|Any CPU
		{E315838D-D697-4FBA-9784-07D7E3BB8874}.Debug|Any CPU.Build.0 = Debug|Any CPU
		{E315838D-D697-4FBA-9784-07D7E3BB8874}.Release|Any CPU.ActiveCfg = Release|Any CPU
		{E315838D-D697-4FBA-9784-07D7E3BB8874}.Release|Any CPU.Build.0 = Release|Any CPU
		{427455D4-6DCE-4F27-937C-CEFB5F34A0A9}.Debug|Any CPU.ActiveCfg = Debug|Any CPU
		{427455D4-6DCE-4F27-937C-CEFB5F34A0A9}.Debug|Any CPU.Build.0 = Debug|Any CPU
		{427455D4-6DCE-4F27-937C-CEFB5F34A0A9}.Release|Any CPU.ActiveCfg = Release|Any CPU
		{427455D4-6DCE-4F27-937C-CEFB5F34A0A9}.Release|Any CPU.Build.0 = Release|Any CPU
		{2B106373-BB3A-4C10-975B-E2960697775E}.Debug|Any CPU.ActiveCfg = Debug|Any CPU
		{2B106373-BB3A-4C10-975B-E2960697775E}.Debug|Any CPU.Build.0 = Debug|Any CPU
		{2B106373-BB3A-4C10-975B-E2960697775E}.Release|Any CPU.ActiveCfg = Release|Any CPU
		{2B106373-BB3A-4C10-975B-E2960697775E}.Release|Any CPU.Build.0 = Release|Any CPU
		{772A6E01-7B18-4679-9DD1-86C86F10F0F6}.Debug|Any CPU.ActiveCfg = Debug|Any CPU
		{772A6E01-7B18-4679-9DD1-86C86F10F0F6}.Debug|Any CPU.Build.0 = Debug|Any CPU
		{772A6E01-7B18-4679-9DD1-86C86F10F0F6}.Release|Any CPU.ActiveCfg = Release|Any CPU
		{772A6E01-7B18-4679-9DD1-86C86F10F0F6}.Release|Any CPU.Build.0 = Release|Any CPU
		{476460AE-CFED-4C9D-A080-6ECCD4783509}.Debug|Any CPU.ActiveCfg = Debug|Any CPU
		{476460AE-CFED-4C9D-A080-6ECCD4783509}.Debug|Any CPU.Build.0 = Debug|Any CPU
		{476460AE-CFED-4C9D-A080-6ECCD4783509}.Release|Any CPU.ActiveCfg = Release|Any CPU
		{476460AE-CFED-4C9D-A080-6ECCD4783509}.Release|Any CPU.Build.0 = Release|Any CPU
		{AEB0413F-1E37-42B4-82BF-DE365C401AFB}.Debug|Any CPU.ActiveCfg = Debug|Any CPU
		{AEB0413F-1E37-42B4-82BF-DE365C401AFB}.Debug|Any CPU.Build.0 = Debug|Any CPU
		{AEB0413F-1E37-42B4-82BF-DE365C401AFB}.Release|Any CPU.ActiveCfg = Release|Any CPU
		{AEB0413F-1E37-42B4-82BF-DE365C401AFB}.Release|Any CPU.Build.0 = Release|Any CPU
		{EA3B748E-A851-41A0-8903-0CB0545DCC88}.Debug|Any CPU.ActiveCfg = Debug|Any CPU
		{EA3B748E-A851-41A0-8903-0CB0545DCC88}.Debug|Any CPU.Build.0 = Debug|Any CPU
		{EA3B748E-A851-41A0-8903-0CB0545DCC88}.Release|Any CPU.ActiveCfg = Release|Any CPU
		{EA3B748E-A851-41A0-8903-0CB0545DCC88}.Release|Any CPU.Build.0 = Release|Any CPU
		{C7E1A327-BC73-4DA3-BEE4-FA88B0055EFE}.Debug|Any CPU.ActiveCfg = Debug|Any CPU
		{C7E1A327-BC73-4DA3-BEE4-FA88B0055EFE}.Debug|Any CPU.Build.0 = Debug|Any CPU
		{C7E1A327-BC73-4DA3-BEE4-FA88B0055EFE}.Release|Any CPU.ActiveCfg = Release|Any CPU
		{C7E1A327-BC73-4DA3-BEE4-FA88B0055EFE}.Release|Any CPU.Build.0 = Release|Any CPU
		{0D83FBE3-B2B6-467E-B316-DAE2B3975D14}.Debug|Any CPU.ActiveCfg = Debug|Any CPU
		{0D83FBE3-B2B6-467E-B316-DAE2B3975D14}.Debug|Any CPU.Build.0 = Debug|Any CPU
		{0D83FBE3-B2B6-467E-B316-DAE2B3975D14}.Release|Any CPU.ActiveCfg = Release|Any CPU
		{0D83FBE3-B2B6-467E-B316-DAE2B3975D14}.Release|Any CPU.Build.0 = Release|Any CPU
		{165E82B6-4063-4D2A-AC65-1B26CA66D60C}.Debug|Any CPU.ActiveCfg = Debug|Any CPU
		{165E82B6-4063-4D2A-AC65-1B26CA66D60C}.Debug|Any CPU.Build.0 = Debug|Any CPU
		{165E82B6-4063-4D2A-AC65-1B26CA66D60C}.Release|Any CPU.ActiveCfg = Release|Any CPU
		{165E82B6-4063-4D2A-AC65-1B26CA66D60C}.Release|Any CPU.Build.0 = Release|Any CPU
		{3A55A5C1-FF44-4766-A26E-A9784357647A}.Debug|Any CPU.ActiveCfg = Debug|Any CPU
		{3A55A5C1-FF44-4766-A26E-A9784357647A}.Debug|Any CPU.Build.0 = Debug|Any CPU
		{3A55A5C1-FF44-4766-A26E-A9784357647A}.Release|Any CPU.ActiveCfg = Release|Any CPU
		{3A55A5C1-FF44-4766-A26E-A9784357647A}.Release|Any CPU.Build.0 = Release|Any CPU
		{F6F8B641-2310-4222-9E19-3C2679C54427}.Debug|Any CPU.ActiveCfg = Debug|Any CPU
		{F6F8B641-2310-4222-9E19-3C2679C54427}.Debug|Any CPU.Build.0 = Debug|Any CPU
		{F6F8B641-2310-4222-9E19-3C2679C54427}.Release|Any CPU.ActiveCfg = Release|Any CPU
		{F6F8B641-2310-4222-9E19-3C2679C54427}.Release|Any CPU.Build.0 = Release|Any CPU
		{36C3FECE-42C0-476D-B087-E0A8FC01403B}.Debug|Any CPU.ActiveCfg = Debug|Any CPU
		{36C3FECE-42C0-476D-B087-E0A8FC01403B}.Debug|Any CPU.Build.0 = Debug|Any CPU
		{36C3FECE-42C0-476D-B087-E0A8FC01403B}.Release|Any CPU.ActiveCfg = Release|Any CPU
		{36C3FECE-42C0-476D-B087-E0A8FC01403B}.Release|Any CPU.Build.0 = Release|Any CPU
		{8065C7F0-2EAA-473E-8B08-118D747BDE8D}.Debug|Any CPU.ActiveCfg = Debug|Any CPU
		{8065C7F0-2EAA-473E-8B08-118D747BDE8D}.Debug|Any CPU.Build.0 = Debug|Any CPU
		{8065C7F0-2EAA-473E-8B08-118D747BDE8D}.Release|Any CPU.ActiveCfg = Release|Any CPU
		{8065C7F0-2EAA-473E-8B08-118D747BDE8D}.Release|Any CPU.Build.0 = Release|Any CPU
		{43701627-4D6B-4502-BF44-F27F69A0EEA0}.Debug|Any CPU.ActiveCfg = Debug|Any CPU
		{43701627-4D6B-4502-BF44-F27F69A0EEA0}.Debug|Any CPU.Build.0 = Debug|Any CPU
		{43701627-4D6B-4502-BF44-F27F69A0EEA0}.Release|Any CPU.ActiveCfg = Release|Any CPU
		{43701627-4D6B-4502-BF44-F27F69A0EEA0}.Release|Any CPU.Build.0 = Release|Any CPU
		{BA173F82-9110-47FB-A148-F750459B0FDA}.Debug|Any CPU.ActiveCfg = Debug|Any CPU
		{BA173F82-9110-47FB-A148-F750459B0FDA}.Debug|Any CPU.Build.0 = Debug|Any CPU
		{BA173F82-9110-47FB-A148-F750459B0FDA}.Release|Any CPU.ActiveCfg = Release|Any CPU
		{BA173F82-9110-47FB-A148-F750459B0FDA}.Release|Any CPU.Build.0 = Release|Any CPU
		{A427994A-73B4-42D4-94D5-94DB7E8B9C85}.Debug|Any CPU.ActiveCfg = Debug|Any CPU
		{A427994A-73B4-42D4-94D5-94DB7E8B9C85}.Debug|Any CPU.Build.0 = Debug|Any CPU
		{A427994A-73B4-42D4-94D5-94DB7E8B9C85}.Release|Any CPU.ActiveCfg = Release|Any CPU
		{A427994A-73B4-42D4-94D5-94DB7E8B9C85}.Release|Any CPU.Build.0 = Release|Any CPU
		{B95E4F50-C30F-4748-8B0C-79671E3B5CC3}.Debug|Any CPU.ActiveCfg = Debug|Any CPU
		{B95E4F50-C30F-4748-8B0C-79671E3B5CC3}.Debug|Any CPU.Build.0 = Debug|Any CPU
		{B95E4F50-C30F-4748-8B0C-79671E3B5CC3}.Release|Any CPU.ActiveCfg = Release|Any CPU
		{B95E4F50-C30F-4748-8B0C-79671E3B5CC3}.Release|Any CPU.Build.0 = Release|Any CPU
	EndGlobalSection
	GlobalSection(SolutionProperties) = preSolution
		HideSolutionNode = FALSE
	EndGlobalSection
	GlobalSection(NestedProjects) = preSolution
		{E315838D-D697-4FBA-9784-07D7E3BB8874} = {3A4DE519-F2FE-4F2F-B33C-52EDD45EFCED}
		{427455D4-6DCE-4F27-937C-CEFB5F34A0A9} = {3A4DE519-F2FE-4F2F-B33C-52EDD45EFCED}
		{2B106373-BB3A-4C10-975B-E2960697775E} = {3A4DE519-F2FE-4F2F-B33C-52EDD45EFCED}
		{772A6E01-7B18-4679-9DD1-86C86F10F0F6} = {3A4DE519-F2FE-4F2F-B33C-52EDD45EFCED}
		{476460AE-CFED-4C9D-A080-6ECCD4783509} = {3A4DE519-F2FE-4F2F-B33C-52EDD45EFCED}
		{AEB0413F-1E37-42B4-82BF-DE365C401AFB} = {3A4DE519-F2FE-4F2F-B33C-52EDD45EFCED}
		{EA3B748E-A851-41A0-8903-0CB0545DCC88} = {B6732927-00E8-4BB0-8693-1F09EA809C6C}
		{C7E1A327-BC73-4DA3-BEE4-FA88B0055EFE} = {B6732927-00E8-4BB0-8693-1F09EA809C6C}
		{0D83FBE3-B2B6-467E-B316-DAE2B3975D14} = {B6732927-00E8-4BB0-8693-1F09EA809C6C}
		{165E82B6-4063-4D2A-AC65-1B26CA66D60C} = {B6732927-00E8-4BB0-8693-1F09EA809C6C}
		{3A55A5C1-FF44-4766-A26E-A9784357647A} = {B6732927-00E8-4BB0-8693-1F09EA809C6C}
		{F6F8B641-2310-4222-9E19-3C2679C54427} = {B6732927-00E8-4BB0-8693-1F09EA809C6C}
		{36C3FECE-42C0-476D-B087-E0A8FC01403B} = {337190F8-4109-4D4B-9A6E-96D990390769}
		{8065C7F0-2EAA-473E-8B08-118D747BDE8D} = {B0D4C9D8-C22F-4CB6-9F48-C368B160BD69}
		{43701627-4D6B-4502-BF44-F27F69A0EEA0} = {7E77358D-442D-43BF-884F-CB0A1947F494}
		{BA173F82-9110-47FB-A148-F750459B0FDA} = {2D7AC4D0-C292-430A-AD46-021D2D143FE7}
		{A427994A-73B4-42D4-94D5-94DB7E8B9C85} = {76461865-D91F-4768-93B8-81634F2CE08B}
		{B95E4F50-C30F-4748-8B0C-79671E3B5CC3} = {1EA5CA79-1914-457E-B1AE-C5987C63B091}
	EndGlobalSection
	GlobalSection(ExtensibilityGlobals) = postSolution
		SolutionGuid = {A2635AFF-ED9A-45BC-AD50-B75AFFFE989B}
	EndGlobalSection
EndGlobal
